PODS:
  - Alamofire (3.4.1)
  - Bolts (1.8.4):
    - Bolts/AppLinks (= 1.8.4)
    - Bolts/Tasks (= 1.8.4)
  - Bolts/AppLinks (1.8.4):
    - Bolts/Tasks
  - Bolts/Tasks (1.8.4)
  - FBSDKCoreKit (4.14.0):
    - Bolts (~> 1.7)
  - FBSDKLoginKit (4.14.0):
    - FBSDKCoreKit
  - Firebase (3.4.0):
    - Firebase/Core (= 3.4.0)
  - Firebase/Analytics (3.4.0):
    - FirebaseAnalytics (~> 3.3)
  - Firebase/Auth (3.4.0):
    - Firebase/Analytics
    - FirebaseAuth (= 3.0.4)
  - Firebase/Core (3.4.0):
    - Firebase/Analytics
  - Firebase/Database (3.4.0):
    - Firebase/Analytics
    - FirebaseDatabase (= 3.0.2)
  - FirebaseAnalytics (3.3.0):
    - FirebaseInstanceID (~> 1.0)
    - GoogleInterchangeUtilities (~> 1.2)
    - GoogleSymbolUtilities (~> 1.1)
    - GoogleUtilities (~> 1.2)
  - FirebaseAuth (3.0.4):
    - FirebaseAnalytics (~> 3.2)
    - GoogleNetworkingUtilities (~> 1.2)
    - GoogleParsingUtilities (~> 1.1)
    - GoogleUtilities (~> 1.2)
  - FirebaseDatabase (3.0.2):
    - FirebaseAnalytics (~> 3.2)
  - FirebaseInstanceID (1.0.8)
  - GoogleInterchangeUtilities (1.2.1):
    - GoogleSymbolUtilities (~> 1.0)
  - GoogleNetworkingUtilities (1.2.1):
    - GoogleSymbolUtilities (~> 1.0)
  - GoogleParsingUtilities (1.1.1):
    - GoogleNetworkingUtilities (~> 1.0)
    - GoogleSymbolUtilities (~> 1.0)
  - GoogleSymbolUtilities (1.1.1)
  - GoogleUtilities (1.3.1):
    - GoogleSymbolUtilities (~> 1.0)
  - Mapbox-iOS-SDK (3.3.4)
  - MapboxDirections.swift (0.6.0):
    - Polyline (~> 3.2)
  - MapboxGeocoder.swift (0.5.0)
  - Polyline (3.2.2)
  - ReachabilitySwift (2.3.3)
  - SnapKit (0.30.0.beta2)
  - SwiftyJSON (2.3.2)
  - TGLParallaxCarousel (0.2.1)

DEPENDENCIES:
  - Alamofire
  - FBSDKLoginKit
  - Firebase
  - Firebase/Auth
  - Firebase/Database
  - Mapbox-iOS-SDK (~> 3.3.3)
  - MapboxDirections.swift (from `https://github.com/mapbox/MapboxDirections.swift.git`, tag `v0.6.0`)
  - MapboxGeocoder.swift (from `https://github.com/mapbox/MapboxGeocoder.swift.git`, tag `v0.5.0`)
  - ReachabilitySwift
  - SnapKit (= 0.30.0.beta2)
  - SwiftyJSON
  - TGLParallaxCarousel

EXTERNAL SOURCES:
  MapboxDirections.swift:
    :git: https://github.com/mapbox/MapboxDirections.swift.git
    :tag: v0.6.0
  MapboxGeocoder.swift:
    :git: https://github.com/mapbox/MapboxGeocoder.swift.git
    :tag: v0.5.0

CHECKOUT OPTIONS:
  MapboxDirections.swift:
    :git: https://github.com/mapbox/MapboxDirections.swift.git
    :tag: v0.6.0
  MapboxGeocoder.swift:
    :git: https://github.com/mapbox/MapboxGeocoder.swift.git
    :tag: v0.5.0

SPEC CHECKSUMS:
  Alamofire: 01a82e2f6c0f860ade35534c8dd88be61bdef40c
  Bolts: 8a7995239dbe724f9cba2248b766d48b7ebdd322
  FBSDKCoreKit: 6e020b5db0b5bd1e01f5fb0902131befd129a502
  FBSDKLoginKit: da563567a108050ef83739c8c8c001ee9e25fa13
  Firebase: 754562547af419cc2f4b15247fee419081924bc2
  FirebaseAnalytics: 228be2991cb28efb96cdafc4d62f64680e615c69
  FirebaseAuth: 26fd291c3b552fc9658420b867520d5ae080421c
  FirebaseDatabase: 59bea2e7dfd81b3b8b2f8e396caf1a52c2ced6f7
  FirebaseInstanceID: ba1e640935235e5fac39dfa816fe7660e72e1a8a
  GoogleInterchangeUtilities: def8415a862effc67d549d5b5b0b9c7a2f97d4de
  GoogleNetworkingUtilities: 3e83269048cfb498dc7ec83ab36813360965c74f
  GoogleParsingUtilities: 30b3896f9ee167dc78747f013d3de157ced1cadf
  GoogleSymbolUtilities: 33117db1b5f290c6fbf259585e4885b4c84b98d7
  GoogleUtilities: 56c5ac05b7aa5dc417a1bb85221a9516e04d7032
  Mapbox-iOS-SDK: b22da0d9703fcfb0a8b592b6a7f6a21264fe44b0
  MapboxDirections.swift: 144cefb4386d419f916ce27928834c28bbaafb4f
  MapboxGeocoder.swift: 4fbe12e42458db895ff73739c69743c943d0824e
  Polyline: 4968bf16ceddd579e1e60820edc74a2271ec9c59
  ReachabilitySwift: e0f6b6f280effb47731acfaaa2d5ffe223703793
  SnapKit: c4bb32b1d3c5d18ff63bf95ffcbc599d2bab964c
  SwiftyJSON: 04ccea08915aa0109039157c7974cf0298da292a
  TGLParallaxCarousel: 7736edf9e26a3f08f32d0a24fcb0c93edc8253ad

PODFILE CHECKSUM: a0c42ad5d7b874ad65f4f0b6c9dbbab179259258

COCOAPODS: 1.0.1
