// !$*UTF8*$!
{
	archiveVersion = 1;
	classes = {
	};
	objectVersion = 46;
	objects = {

/* Begin PBXBuildFile section */
		2E1DA87D1D5E057500F83DFD /* WalkTracker.swift in Sources */ = {isa = PBXBuildFile; fileRef = 2E1DA87B1D5E057500F83DFD /* WalkTracker.swift */; };
		2E1DA87F1D5E0DEB00F83DFD /* ActivityTracker.storyboard in Resources */ = {isa = PBXBuildFile; fileRef = 2E1DA87E1D5E0DEB00F83DFD /* ActivityTracker.storyboard */; };
		2E1DA8811D5E1EEA00F83DFD /* HealthKit.framework in Frameworks */ = {isa = PBXBuildFile; fileRef = 2E1DA8801D5E1EEA00F83DFD /* HealthKit.framework */; };
		2E1DA8831D5E3B5B00F83DFD /* WalkTrackerViewController.swift in Sources */ = {isa = PBXBuildFile; fileRef = 2E1DA8821D5E3B5B00F83DFD /* WalkTrackerViewController.swift */; };
		2E7B02845A404C04E0D92E5E /* Pods_Anytrail.framework in Frameworks */ = {isa = PBXBuildFile; fileRef = 599CF5E42324548824DD0368 /* Pods_Anytrail.framework */; };
		2ECF50511D5929700072732B /* (null) in Sources */ = {isa = PBXBuildFile; };
		4D225C1B1D5A0FF600360AB8 /* MashapeAPIClient.swift in Sources */ = {isa = PBXBuildFile; fileRef = 4D225C1A1D5A0FF600360AB8 /* MashapeAPIClient.swift */; };
		4D225C1F1D5A100800360AB8 /* MashapeData.swift in Sources */ = {isa = PBXBuildFile; fileRef = 4D225C1E1D5A100800360AB8 /* MashapeData.swift */; };
		4DB2D9611D58DEBA007BD4A5 /* FoursquareAPIClient.swift in Sources */ = {isa = PBXBuildFile; fileRef = 4DB2D9601D58DEBA007BD4A5 /* FoursquareAPIClient.swift */; };
		4DB2D9631D58DF04007BD4A5 /* ApisDataStore.swift in Sources */ = {isa = PBXBuildFile; fileRef = 4DB2D9621D58DF04007BD4A5 /* ApisDataStore.swift */; };
		4DB2D9651D58DF18007BD4A5 /* FoursquareData.swift in Sources */ = {isa = PBXBuildFile; fileRef = 4DB2D9641D58DF18007BD4A5 /* FoursquareData.swift */; };
		681BF710713DEB89F836003E /* Pods_AnytrailTests.framework in Frameworks */ = {isa = PBXBuildFile; fileRef = DB2E3A25BA33F309140861F9 /* Pods_AnytrailTests.framework */; };
		8A3948F71D620BC1004A4B94 /* Path.storyboard in Resources */ = {isa = PBXBuildFile; fileRef = 8A3948F61D620BC1004A4B94 /* Path.storyboard */; };
		8A3948F91D621C23004A4B94 /* ATPathViewController.swift in Sources */ = {isa = PBXBuildFile; fileRef = 8A3948F81D621C23004A4B94 /* ATPathViewController.swift */; };
		8A3948FB1D623743004A4B94 /* ATPathCell.swift in Sources */ = {isa = PBXBuildFile; fileRef = 8A3948FA1D623743004A4B94 /* ATPathCell.swift */; };
		8A3948FD1D623972004A4B94 /* Paths.xcassets in Resources */ = {isa = PBXBuildFile; fileRef = 8A3948FC1D623972004A4B94 /* Paths.xcassets */; };
		8A53F2EC1D594A4A00F244BE /* Keys.swift in Sources */ = {isa = PBXBuildFile; fileRef = 8A53F2EB1D594A4A00F244BE /* Keys.swift */; };
		8A53F2F11D594E3E00F244BE /* TrailApiClient.swift in Sources */ = {isa = PBXBuildFile; fileRef = 8A53F2F01D594E3E00F244BE /* TrailApiClient.swift */; };
		8A6624301D5A8DCB009760DA /* HealthKitConstants.swift in Sources */ = {isa = PBXBuildFile; fileRef = 8A66242D1D5A8DCB009760DA /* HealthKitConstants.swift */; };
		8A6624311D5A8DCB009760DA /* HealthKitDataStore.swift in Sources */ = {isa = PBXBuildFile; fileRef = 8A66242E1D5A8DCB009760DA /* HealthKitDataStore.swift */; };
		9424A7701D53D5DA00CE8D42 /* AppDelegate.swift in Sources */ = {isa = PBXBuildFile; fileRef = 9424A76F1D53D5DA00CE8D42 /* AppDelegate.swift */; };
		9424A7771D53D5DA00CE8D42 /* Main.storyboard in Resources */ = {isa = PBXBuildFile; fileRef = 9424A7751D53D5DA00CE8D42 /* Main.storyboard */; };
		9424A7791D53D5DA00CE8D42 /* Assets.xcassets in Resources */ = {isa = PBXBuildFile; fileRef = 9424A7781D53D5DA00CE8D42 /* Assets.xcassets */; };
		9424A77C1D53D5DA00CE8D42 /* LaunchScreen.storyboard in Resources */ = {isa = PBXBuildFile; fileRef = 9424A77A1D53D5DA00CE8D42 /* LaunchScreen.storyboard */; };
		9424A7871D53D5DA00CE8D42 /* AnytrailTests.swift in Sources */ = {isa = PBXBuildFile; fileRef = 9424A7861D53D5DA00CE8D42 /* AnytrailTests.swift */; };
		9458E8D91D5CF44B007CDD47 /* ATDropdownView.swift in Sources */ = {isa = PBXBuildFile; fileRef = 9458E8D81D5CF44B007CDD47 /* ATDropdownView.swift */; };
		945F35DC1D58F30B002F9C1E /* ATSplashViewController.swift in Sources */ = {isa = PBXBuildFile; fileRef = 945F35DB1D58F30B002F9C1E /* ATSplashViewController.swift */; };
		945F35DE1D58F377002F9C1E /* ATSignupViewController.swift in Sources */ = {isa = PBXBuildFile; fileRef = 945F35DD1D58F377002F9C1E /* ATSignupViewController.swift */; };
		945F35E01D58F381002F9C1E /* ATMapViewController.swift in Sources */ = {isa = PBXBuildFile; fileRef = 945F35DF1D58F381002F9C1E /* ATMapViewController.swift */; };
		945F35E21D58F390002F9C1E /* ATLoginViewController.swift in Sources */ = {isa = PBXBuildFile; fileRef = 945F35E11D58F390002F9C1E /* ATLoginViewController.swift */; };
		945F35E41D590DBE002F9C1E /* ATInputCell.swift in Sources */ = {isa = PBXBuildFile; fileRef = 945F35E31D590DBE002F9C1E /* ATInputCell.swift */; };
		945F35E71D592179002F9C1E /* GoogleService-Info.plist in Resources */ = {isa = PBXBuildFile; fileRef = 945F35E61D592179002F9C1E /* GoogleService-Info.plist */; };
		945F35ED1D5A3066002F9C1E /* ATAlertView.swift in Sources */ = {isa = PBXBuildFile; fileRef = 945F35EC1D5A3066002F9C1E /* ATAlertView.swift */; };
		945F35F01D5A45A6002F9C1E /* ATErrorTranslator.swift in Sources */ = {isa = PBXBuildFile; fileRef = 945F35EF1D5A45A6002F9C1E /* ATErrorTranslator.swift */; };
		945F35F21D5A45B0002F9C1E /* UIViewController+Keyboard.swift in Sources */ = {isa = PBXBuildFile; fileRef = 945F35F11D5A45B0002F9C1E /* UIViewController+Keyboard.swift */; };
/* End PBXBuildFile section */

/* Begin PBXContainerItemProxy section */
		9424A7831D53D5DA00CE8D42 /* PBXContainerItemProxy */ = {
			isa = PBXContainerItemProxy;
			containerPortal = 9424A7641D53D5DA00CE8D42 /* Project object */;
			proxyType = 1;
			remoteGlobalIDString = 9424A76B1D53D5DA00CE8D42;
			remoteInfo = Anytrail;
		};
/* End PBXContainerItemProxy section */

/* Begin PBXFileReference section */
		2E1DA87B1D5E057500F83DFD /* WalkTracker.swift */ = {isa = PBXFileReference; fileEncoding = 4; lastKnownFileType = sourcecode.swift; path = WalkTracker.swift; sourceTree = "<group>"; };
		2E1DA87E1D5E0DEB00F83DFD /* ActivityTracker.storyboard */ = {isa = PBXFileReference; fileEncoding = 4; lastKnownFileType = file.storyboard; path = ActivityTracker.storyboard; sourceTree = "<group>"; };
		2E1DA8801D5E1EEA00F83DFD /* HealthKit.framework */ = {isa = PBXFileReference; lastKnownFileType = wrapper.framework; name = HealthKit.framework; path = System/Library/Frameworks/HealthKit.framework; sourceTree = SDKROOT; };
		2E1DA8821D5E3B5B00F83DFD /* WalkTrackerViewController.swift */ = {isa = PBXFileReference; fileEncoding = 4; lastKnownFileType = sourcecode.swift; name = WalkTrackerViewController.swift; path = Controllers/WalkTrackerViewController.swift; sourceTree = "<group>"; };
		2ECF502E1D590D430072732B /* Anytrail.entitlements */ = {isa = PBXFileReference; lastKnownFileType = text.xml; path = Anytrail.entitlements; sourceTree = "<group>"; };
		2EDDFE291D5A868900B36853 /* Info.plist */ = {isa = PBXFileReference; fileEncoding = 4; lastKnownFileType = text.plist.xml; path = Info.plist; sourceTree = "<group>"; };
		3417C12B1559CD326FE9F852 /* Pods-Anytrail.release.xcconfig */ = {isa = PBXFileReference; includeInIndex = 1; lastKnownFileType = text.xcconfig; name = "Pods-Anytrail.release.xcconfig"; path = "Pods/Target Support Files/Pods-Anytrail/Pods-Anytrail.release.xcconfig"; sourceTree = "<group>"; };
		4D225C1A1D5A0FF600360AB8 /* MashapeAPIClient.swift */ = {isa = PBXFileReference; fileEncoding = 4; lastKnownFileType = sourcecode.swift; path = MashapeAPIClient.swift; sourceTree = "<group>"; };
		4D225C1E1D5A100800360AB8 /* MashapeData.swift */ = {isa = PBXFileReference; fileEncoding = 4; lastKnownFileType = sourcecode.swift; path = MashapeData.swift; sourceTree = "<group>"; };
		4DB2D9601D58DEBA007BD4A5 /* FoursquareAPIClient.swift */ = {isa = PBXFileReference; fileEncoding = 4; lastKnownFileType = sourcecode.swift; path = FoursquareAPIClient.swift; sourceTree = "<group>"; };
		4DB2D9621D58DF04007BD4A5 /* ApisDataStore.swift */ = {isa = PBXFileReference; fileEncoding = 4; lastKnownFileType = sourcecode.swift; path = ApisDataStore.swift; sourceTree = "<group>"; };
		4DB2D9641D58DF18007BD4A5 /* FoursquareData.swift */ = {isa = PBXFileReference; fileEncoding = 4; lastKnownFileType = sourcecode.swift; path = FoursquareData.swift; sourceTree = "<group>"; };
		5661F119B27C682B7C9BCB04 /* Pods-AnytrailTests.release.xcconfig */ = {isa = PBXFileReference; includeInIndex = 1; lastKnownFileType = text.xcconfig; name = "Pods-AnytrailTests.release.xcconfig"; path = "Pods/Target Support Files/Pods-AnytrailTests/Pods-AnytrailTests.release.xcconfig"; sourceTree = "<group>"; };
		599CF5E42324548824DD0368 /* Pods_Anytrail.framework */ = {isa = PBXFileReference; explicitFileType = wrapper.framework; includeInIndex = 0; path = Pods_Anytrail.framework; sourceTree = BUILT_PRODUCTS_DIR; };
		8A3948F61D620BC1004A4B94 /* Path.storyboard */ = {isa = PBXFileReference; fileEncoding = 4; lastKnownFileType = file.storyboard; path = Path.storyboard; sourceTree = "<group>"; };
		8A3948F81D621C23004A4B94 /* ATPathViewController.swift */ = {isa = PBXFileReference; fileEncoding = 4; lastKnownFileType = sourcecode.swift; path = ATPathViewController.swift; sourceTree = "<group>"; };
		8A3948FA1D623743004A4B94 /* ATPathCell.swift */ = {isa = PBXFileReference; fileEncoding = 4; lastKnownFileType = sourcecode.swift; path = ATPathCell.swift; sourceTree = "<group>"; };
		8A3948FC1D623972004A4B94 /* Paths.xcassets */ = {isa = PBXFileReference; lastKnownFileType = folder.assetcatalog; path = Paths.xcassets; sourceTree = "<group>"; };
		8A53F2EB1D594A4A00F244BE /* Keys.swift */ = {isa = PBXFileReference; fileEncoding = 4; lastKnownFileType = sourcecode.swift; path = Keys.swift; sourceTree = "<group>"; };
		8A53F2F01D594E3E00F244BE /* TrailApiClient.swift */ = {isa = PBXFileReference; fileEncoding = 4; lastKnownFileType = sourcecode.swift; name = TrailApiClient.swift; path = ../TrailData/TrailApiClient.swift; sourceTree = "<group>"; };
		8A66242D1D5A8DCB009760DA /* HealthKitConstants.swift */ = {isa = PBXFileReference; fileEncoding = 4; lastKnownFileType = sourcecode.swift; path = HealthKitConstants.swift; sourceTree = "<group>"; };
		8A66242E1D5A8DCB009760DA /* HealthKitDataStore.swift */ = {isa = PBXFileReference; fileEncoding = 4; lastKnownFileType = sourcecode.swift; path = HealthKitDataStore.swift; sourceTree = "<group>"; };
		9424A76C1D53D5DA00CE8D42 /* Anytrail.app */ = {isa = PBXFileReference; explicitFileType = wrapper.application; includeInIndex = 0; path = Anytrail.app; sourceTree = BUILT_PRODUCTS_DIR; };
		9424A76F1D53D5DA00CE8D42 /* AppDelegate.swift */ = {isa = PBXFileReference; lastKnownFileType = sourcecode.swift; path = AppDelegate.swift; sourceTree = "<group>"; };
		9424A7761D53D5DA00CE8D42 /* Base */ = {isa = PBXFileReference; lastKnownFileType = file.storyboard; name = Base; path = Base.lproj/Main.storyboard; sourceTree = "<group>"; };
		9424A7781D53D5DA00CE8D42 /* Assets.xcassets */ = {isa = PBXFileReference; lastKnownFileType = folder.assetcatalog; path = Assets.xcassets; sourceTree = "<group>"; };
		9424A77B1D53D5DA00CE8D42 /* Base */ = {isa = PBXFileReference; lastKnownFileType = file.storyboard; name = Base; path = Base.lproj/LaunchScreen.storyboard; sourceTree = "<group>"; };
		9424A7821D53D5DA00CE8D42 /* AnytrailTests.xctest */ = {isa = PBXFileReference; explicitFileType = wrapper.cfbundle; includeInIndex = 0; path = AnytrailTests.xctest; sourceTree = BUILT_PRODUCTS_DIR; };
		9424A7861D53D5DA00CE8D42 /* AnytrailTests.swift */ = {isa = PBXFileReference; lastKnownFileType = sourcecode.swift; path = AnytrailTests.swift; sourceTree = "<group>"; };
		9424A7881D53D5DA00CE8D42 /* Info.plist */ = {isa = PBXFileReference; lastKnownFileType = text.plist.xml; path = Info.plist; sourceTree = "<group>"; };
		9458E8D81D5CF44B007CDD47 /* ATDropdownView.swift */ = {isa = PBXFileReference; fileEncoding = 4; lastKnownFileType = sourcecode.swift; name = ATDropdownView.swift; path = UI/ATDropdownView.swift; sourceTree = "<group>"; };
		945F35DB1D58F30B002F9C1E /* ATSplashViewController.swift */ = {isa = PBXFileReference; fileEncoding = 4; lastKnownFileType = sourcecode.swift; name = ATSplashViewController.swift; path = Controllers/ATSplashViewController.swift; sourceTree = "<group>"; };
		945F35DD1D58F377002F9C1E /* ATSignupViewController.swift */ = {isa = PBXFileReference; fileEncoding = 4; lastKnownFileType = sourcecode.swift; name = ATSignupViewController.swift; path = Controllers/ATSignupViewController.swift; sourceTree = "<group>"; };
		945F35DF1D58F381002F9C1E /* ATMapViewController.swift */ = {isa = PBXFileReference; fileEncoding = 4; lastKnownFileType = sourcecode.swift; name = ATMapViewController.swift; path = Controllers/ATMapViewController.swift; sourceTree = "<group>"; };
		945F35E11D58F390002F9C1E /* ATLoginViewController.swift */ = {isa = PBXFileReference; fileEncoding = 4; lastKnownFileType = sourcecode.swift; name = ATLoginViewController.swift; path = Controllers/ATLoginViewController.swift; sourceTree = "<group>"; };
		945F35E31D590DBE002F9C1E /* ATInputCell.swift */ = {isa = PBXFileReference; fileEncoding = 4; lastKnownFileType = sourcecode.swift; name = ATInputCell.swift; path = Cells/ATInputCell.swift; sourceTree = "<group>"; };
		945F35E61D592179002F9C1E /* GoogleService-Info.plist */ = {isa = PBXFileReference; fileEncoding = 4; lastKnownFileType = text.plist.xml; path = "GoogleService-Info.plist"; sourceTree = "<group>"; };
		945F35EC1D5A3066002F9C1E /* ATAlertView.swift */ = {isa = PBXFileReference; fileEncoding = 4; lastKnownFileType = sourcecode.swift; name = ATAlertView.swift; path = UI/ATAlertView.swift; sourceTree = "<group>"; };
		945F35EF1D5A45A6002F9C1E /* ATErrorTranslator.swift */ = {isa = PBXFileReference; fileEncoding = 4; lastKnownFileType = sourcecode.swift; name = ATErrorTranslator.swift; path = Utility/ATErrorTranslator.swift; sourceTree = "<group>"; };
		945F35F11D5A45B0002F9C1E /* UIViewController+Keyboard.swift */ = {isa = PBXFileReference; fileEncoding = 4; lastKnownFileType = sourcecode.swift; name = "UIViewController+Keyboard.swift"; path = "Utility/UIViewController+Keyboard.swift"; sourceTree = "<group>"; };
		DAD2C8D70B6029D7314DD479 /* Pods-AnytrailTests.debug.xcconfig */ = {isa = PBXFileReference; includeInIndex = 1; lastKnownFileType = text.xcconfig; name = "Pods-AnytrailTests.debug.xcconfig"; path = "Pods/Target Support Files/Pods-AnytrailTests/Pods-AnytrailTests.debug.xcconfig"; sourceTree = "<group>"; };
		DB2E3A25BA33F309140861F9 /* Pods_AnytrailTests.framework */ = {isa = PBXFileReference; explicitFileType = wrapper.framework; includeInIndex = 0; path = Pods_AnytrailTests.framework; sourceTree = BUILT_PRODUCTS_DIR; };
		F4AC6E6A90B2DC273C8971C2 /* Pods-Anytrail.debug.xcconfig */ = {isa = PBXFileReference; includeInIndex = 1; lastKnownFileType = text.xcconfig; name = "Pods-Anytrail.debug.xcconfig"; path = "Pods/Target Support Files/Pods-Anytrail/Pods-Anytrail.debug.xcconfig"; sourceTree = "<group>"; };
/* End PBXFileReference section */

/* Begin PBXFrameworksBuildPhase section */
		9424A7691D53D5DA00CE8D42 /* Frameworks */ = {
			isa = PBXFrameworksBuildPhase;
			buildActionMask = 2147483647;
			files = (
				2E7B02845A404C04E0D92E5E /* Pods_Anytrail.framework in Frameworks */,
				2E1DA8811D5E1EEA00F83DFD /* HealthKit.framework in Frameworks */,
			);
			runOnlyForDeploymentPostprocessing = 0;
		};
		9424A77F1D53D5DA00CE8D42 /* Frameworks */ = {
			isa = PBXFrameworksBuildPhase;
			buildActionMask = 2147483647;
			files = (
				681BF710713DEB89F836003E /* Pods_AnytrailTests.framework in Frameworks */,
			);
			runOnlyForDeploymentPostprocessing = 0;
		};
/* End PBXFrameworksBuildPhase section */

/* Begin PBXGroup section */
		9424A7631D53D5DA00CE8D42 = {
			isa = PBXGroup;
			children = (
				9424A76E1D53D5DA00CE8D42 /* Anytrail */,
				9424A7851D53D5DA00CE8D42 /* AnytrailTests */,
				9424A76D1D53D5DA00CE8D42 /* Products */,
				E51CB3F131D7F2E3E53360EE /* Pods */,
				987972257156501B9FC0529B /* Frameworks */,
			);
			sourceTree = "<group>";
		};
		9424A76D1D53D5DA00CE8D42 /* Products */ = {
			isa = PBXGroup;
			children = (
				9424A76C1D53D5DA00CE8D42 /* Anytrail.app */,
				9424A7821D53D5DA00CE8D42 /* AnytrailTests.xctest */,
			);
			name = Products;
			sourceTree = "<group>";
		};
		9424A76E1D53D5DA00CE8D42 /* Anytrail */ = {
			isa = PBXGroup;
			children = (
				8A53F2EB1D594A4A00F244BE /* Keys.swift */,
				8A66242D1D5A8DCB009760DA /* HealthKitConstants.swift */,
				8A66242E1D5A8DCB009760DA /* HealthKitDataStore.swift */,
				4D225C1A1D5A0FF600360AB8 /* MashapeAPIClient.swift */,
				4D225C1E1D5A100800360AB8 /* MashapeData.swift */,
				4DB2D9601D58DEBA007BD4A5 /* FoursquareAPIClient.swift */,
				2E1DA87B1D5E057500F83DFD /* WalkTracker.swift */,
				8A53F2F01D594E3E00F244BE /* TrailApiClient.swift */,
				4DB2D9621D58DF04007BD4A5 /* ApisDataStore.swift */,
				9424A76F1D53D5DA00CE8D42 /* AppDelegate.swift */,
				4DB2D9641D58DF18007BD4A5 /* FoursquareData.swift */,
				2ECF502E1D590D430072732B /* Anytrail.entitlements */,
				945F35EE1D5A306A002F9C1E /* UI */,
				945F35EB1D593648002F9C1E /* Utility */,
				945F35E51D5911A1002F9C1E /* Cell */,
				9424A7911D53D6B500CE8D42 /* Controller */,
				9424A7751D53D5DA00CE8D42 /* Main.storyboard */,
				8A3948F61D620BC1004A4B94 /* Path.storyboard */,
				2E1DA87E1D5E0DEB00F83DFD /* ActivityTracker.storyboard */,
				9424A77A1D53D5DA00CE8D42 /* LaunchScreen.storyboard */,
				9424A7781D53D5DA00CE8D42 /* Assets.xcassets */,
				8A3948FC1D623972004A4B94 /* Paths.xcassets */,
				2EDDFE291D5A868900B36853 /* Info.plist */,
				945F35E61D592179002F9C1E /* GoogleService-Info.plist */,
			);
			path = Anytrail;
			sourceTree = "<group>";
		};
		9424A7851D53D5DA00CE8D42 /* AnytrailTests */ = {
			isa = PBXGroup;
			children = (
				9424A7861D53D5DA00CE8D42 /* AnytrailTests.swift */,
				9424A7881D53D5DA00CE8D42 /* Info.plist */,
			);
			path = AnytrailTests;
			sourceTree = "<group>";
		};
		9424A7911D53D6B500CE8D42 /* Controller */ = {
			isa = PBXGroup;
			children = (
				8A3948F81D621C23004A4B94 /* ATPathViewController.swift */,
				945F35DB1D58F30B002F9C1E /* ATSplashViewController.swift */,
				945F35DD1D58F377002F9C1E /* ATSignupViewController.swift */,
				945F35E11D58F390002F9C1E /* ATLoginViewController.swift */,
				945F35DF1D58F381002F9C1E /* ATMapViewController.swift */,
				2E1DA8821D5E3B5B00F83DFD /* WalkTrackerViewController.swift */,
			);
			name = Controller;
			sourceTree = "<group>";
		};
		945F35E51D5911A1002F9C1E /* Cell */ = {
			isa = PBXGroup;
			children = (
				945F35E31D590DBE002F9C1E /* ATInputCell.swift */,
				8A3948FA1D623743004A4B94 /* ATPathCell.swift */,
			);
			name = Cell;
			sourceTree = "<group>";
		};
		945F35EB1D593648002F9C1E /* Utility */ = {
			isa = PBXGroup;
			children = (
				945F35F11D5A45B0002F9C1E /* UIViewController+Keyboard.swift */,
				945F35EF1D5A45A6002F9C1E /* ATErrorTranslator.swift */,
			);
			name = Utility;
			sourceTree = "<group>";
		};
		945F35EE1D5A306A002F9C1E /* UI */ = {
			isa = PBXGroup;
			children = (
				945F35EC1D5A3066002F9C1E /* ATAlertView.swift */,
				9458E8D81D5CF44B007CDD47 /* ATDropdownView.swift */,
			);
			name = UI;
			sourceTree = "<group>";
		};
		987972257156501B9FC0529B /* Frameworks */ = {
			isa = PBXGroup;
			children = (
				2E1DA8801D5E1EEA00F83DFD /* HealthKit.framework */,
				599CF5E42324548824DD0368 /* Pods_Anytrail.framework */,
				DB2E3A25BA33F309140861F9 /* Pods_AnytrailTests.framework */,
			);
			name = Frameworks;
			sourceTree = "<group>";
		};
		E51CB3F131D7F2E3E53360EE /* Pods */ = {
			isa = PBXGroup;
			children = (
				F4AC6E6A90B2DC273C8971C2 /* Pods-Anytrail.debug.xcconfig */,
				3417C12B1559CD326FE9F852 /* Pods-Anytrail.release.xcconfig */,
				DAD2C8D70B6029D7314DD479 /* Pods-AnytrailTests.debug.xcconfig */,
				5661F119B27C682B7C9BCB04 /* Pods-AnytrailTests.release.xcconfig */,
			);
			name = Pods;
			sourceTree = "<group>";
		};
/* End PBXGroup section */

/* Begin PBXNativeTarget section */
		9424A76B1D53D5DA00CE8D42 /* Anytrail */ = {
			isa = PBXNativeTarget;
			buildConfigurationList = 9424A78B1D53D5DA00CE8D42 /* Build configuration list for PBXNativeTarget "Anytrail" */;
			buildPhases = (
				A725E52D38DF161F7C7256A7 /* [CP] Check Pods Manifest.lock */,
				9424A7681D53D5DA00CE8D42 /* Sources */,
				9424A7691D53D5DA00CE8D42 /* Frameworks */,
				9424A76A1D53D5DA00CE8D42 /* Resources */,
				FE01C712D6BEFFE09883933B /* [CP] Embed Pods Frameworks */,
				4DEC2CD0B03C11E59203DB92 /* [CP] Copy Pods Resources */,
			);
			buildRules = (
			);
			dependencies = (
			);
			name = Anytrail;
			productName = Anytrail;
			productReference = 9424A76C1D53D5DA00CE8D42 /* Anytrail.app */;
			productType = "com.apple.product-type.application";
		};
		9424A7811D53D5DA00CE8D42 /* AnytrailTests */ = {
			isa = PBXNativeTarget;
			buildConfigurationList = 9424A78E1D53D5DA00CE8D42 /* Build configuration list for PBXNativeTarget "AnytrailTests" */;
			buildPhases = (
				519782D0E52AB9478379D543 /* [CP] Check Pods Manifest.lock */,
				9424A77E1D53D5DA00CE8D42 /* Sources */,
				9424A77F1D53D5DA00CE8D42 /* Frameworks */,
				9424A7801D53D5DA00CE8D42 /* Resources */,
				E847FF11171FCE07D443F53F /* [CP] Embed Pods Frameworks */,
				405CD53F962F476C2175958C /* [CP] Copy Pods Resources */,
			);
			buildRules = (
			);
			dependencies = (
				9424A7841D53D5DA00CE8D42 /* PBXTargetDependency */,
			);
			name = AnytrailTests;
			productName = AnytrailTests;
			productReference = 9424A7821D53D5DA00CE8D42 /* AnytrailTests.xctest */;
			productType = "com.apple.product-type.bundle.unit-test";
		};
/* End PBXNativeTarget section */

/* Begin PBXProject section */
		9424A7641D53D5DA00CE8D42 /* Project object */ = {
			isa = PBXProject;
			attributes = {
				LastSwiftUpdateCheck = 0730;
				LastUpgradeCheck = 0730;
				ORGANIZATIONNAME = "Flatiron School";
				TargetAttributes = {
					9424A76B1D53D5DA00CE8D42 = {
						CreatedOnToolsVersion = 7.3.1;
						DevelopmentTeam = 8522JF7Z74;
						SystemCapabilities = {
							com.apple.HealthKit = {
								enabled = 1;
							};
						};
					};
					9424A7811D53D5DA00CE8D42 = {
						CreatedOnToolsVersion = 7.3.1;
						TestTargetID = 9424A76B1D53D5DA00CE8D42;
					};
				};
			};
			buildConfigurationList = 9424A7671D53D5DA00CE8D42 /* Build configuration list for PBXProject "Anytrail" */;
			compatibilityVersion = "Xcode 3.2";
			developmentRegion = English;
			hasScannedForEncodings = 0;
			knownRegions = (
				en,
				Base,
			);
			mainGroup = 9424A7631D53D5DA00CE8D42;
			productRefGroup = 9424A76D1D53D5DA00CE8D42 /* Products */;
			projectDirPath = "";
			projectRoot = "";
			targets = (
				9424A76B1D53D5DA00CE8D42 /* Anytrail */,
				9424A7811D53D5DA00CE8D42 /* AnytrailTests */,
			);
		};
/* End PBXProject section */

/* Begin PBXResourcesBuildPhase section */
		9424A76A1D53D5DA00CE8D42 /* Resources */ = {
			isa = PBXResourcesBuildPhase;
			buildActionMask = 2147483647;
			files = (
				9424A77C1D53D5DA00CE8D42 /* LaunchScreen.storyboard in Resources */,
				2E1DA87F1D5E0DEB00F83DFD /* ActivityTracker.storyboard in Resources */,
				945F35E71D592179002F9C1E /* GoogleService-Info.plist in Resources */,
				9424A7791D53D5DA00CE8D42 /* Assets.xcassets in Resources */,
				8A3948FD1D623972004A4B94 /* Paths.xcassets in Resources */,
				9424A7771D53D5DA00CE8D42 /* Main.storyboard in Resources */,
				8A3948F71D620BC1004A4B94 /* Path.storyboard in Resources */,
			);
			runOnlyForDeploymentPostprocessing = 0;
		};
		9424A7801D53D5DA00CE8D42 /* Resources */ = {
			isa = PBXResourcesBuildPhase;
			buildActionMask = 2147483647;
			files = (
			);
			runOnlyForDeploymentPostprocessing = 0;
		};
/* End PBXResourcesBuildPhase section */

/* Begin PBXShellScriptBuildPhase section */
		405CD53F962F476C2175958C /* [CP] Copy Pods Resources */ = {
			isa = PBXShellScriptBuildPhase;
			buildActionMask = 2147483647;
			files = (
			);
			inputPaths = (
			);
			name = "[CP] Copy Pods Resources";
			outputPaths = (
			);
			runOnlyForDeploymentPostprocessing = 0;
			shellPath = /bin/sh;
			shellScript = "\"${SRCROOT}/Pods/Target Support Files/Pods-AnytrailTests/Pods-AnytrailTests-resources.sh\"\n";
			showEnvVarsInLog = 0;
		};
		4DEC2CD0B03C11E59203DB92 /* [CP] Copy Pods Resources */ = {
			isa = PBXShellScriptBuildPhase;
			buildActionMask = 2147483647;
			files = (
			);
			inputPaths = (
			);
			name = "[CP] Copy Pods Resources";
			outputPaths = (
			);
			runOnlyForDeploymentPostprocessing = 0;
			shellPath = /bin/sh;
			shellScript = "\"${SRCROOT}/Pods/Target Support Files/Pods-Anytrail/Pods-Anytrail-resources.sh\"\n";
			showEnvVarsInLog = 0;
		};
		519782D0E52AB9478379D543 /* [CP] Check Pods Manifest.lock */ = {
			isa = PBXShellScriptBuildPhase;
			buildActionMask = 2147483647;
			files = (
			);
			inputPaths = (
			);
			name = "[CP] Check Pods Manifest.lock";
			outputPaths = (
			);
			runOnlyForDeploymentPostprocessing = 0;
			shellPath = /bin/sh;
			shellScript = "diff \"${PODS_ROOT}/../Podfile.lock\" \"${PODS_ROOT}/Manifest.lock\" > /dev/null\nif [[ $? != 0 ]] ; then\n    cat << EOM\nerror: The sandbox is not in sync with the Podfile.lock. Run 'pod install' or update your CocoaPods installation.\nEOM\n    exit 1\nfi\n";
			showEnvVarsInLog = 0;
		};
		A725E52D38DF161F7C7256A7 /* [CP] Check Pods Manifest.lock */ = {
			isa = PBXShellScriptBuildPhase;
			buildActionMask = 2147483647;
			files = (
			);
			inputPaths = (
			);
			name = "[CP] Check Pods Manifest.lock";
			outputPaths = (
			);
			runOnlyForDeploymentPostprocessing = 0;
			shellPath = /bin/sh;
			shellScript = "diff \"${PODS_ROOT}/../Podfile.lock\" \"${PODS_ROOT}/Manifest.lock\" > /dev/null\nif [[ $? != 0 ]] ; then\n    cat << EOM\nerror: The sandbox is not in sync with the Podfile.lock. Run 'pod install' or update your CocoaPods installation.\nEOM\n    exit 1\nfi\n";
			showEnvVarsInLog = 0;
		};
		E847FF11171FCE07D443F53F /* [CP] Embed Pods Frameworks */ = {
			isa = PBXShellScriptBuildPhase;
			buildActionMask = 2147483647;
			files = (
			);
			inputPaths = (
			);
			name = "[CP] Embed Pods Frameworks";
			outputPaths = (
			);
			runOnlyForDeploymentPostprocessing = 0;
			shellPath = /bin/sh;
			shellScript = "\"${SRCROOT}/Pods/Target Support Files/Pods-AnytrailTests/Pods-AnytrailTests-frameworks.sh\"\n";
			showEnvVarsInLog = 0;
		};
		FE01C712D6BEFFE09883933B /* [CP] Embed Pods Frameworks */ = {
			isa = PBXShellScriptBuildPhase;
			buildActionMask = 2147483647;
			files = (
			);
			inputPaths = (
			);
			name = "[CP] Embed Pods Frameworks";
			outputPaths = (
			);
			runOnlyForDeploymentPostprocessing = 0;
			shellPath = /bin/sh;
			shellScript = "\"${SRCROOT}/Pods/Target Support Files/Pods-Anytrail/Pods-Anytrail-frameworks.sh\"\n";
			showEnvVarsInLog = 0;
		};
/* End PBXShellScriptBuildPhase section */

/* Begin PBXSourcesBuildPhase section */
		9424A7681D53D5DA00CE8D42 /* Sources */ = {
			isa = PBXSourcesBuildPhase;
			buildActionMask = 2147483647;
			files = (
				945F35F01D5A45A6002F9C1E /* ATErrorTranslator.swift in Sources */,
				945F35F21D5A45B0002F9C1E /* UIViewController+Keyboard.swift in Sources */,
				945F35DC1D58F30B002F9C1E /* ATSplashViewController.swift in Sources */,
				945F35ED1D5A3066002F9C1E /* ATAlertView.swift in Sources */,
				945F35E01D58F381002F9C1E /* ATMapViewController.swift in Sources */,
				945F35E41D590DBE002F9C1E /* ATInputCell.swift in Sources */,
				945F35DE1D58F377002F9C1E /* ATSignupViewController.swift in Sources */,
				9458E8D91D5CF44B007CDD47 /* ATDropdownView.swift in Sources */,
				945F35E21D58F390002F9C1E /* ATLoginViewController.swift in Sources */,
				8A53F2F11D594E3E00F244BE /* TrailApiClient.swift in Sources */,
				8A6624301D5A8DCB009760DA /* HealthKitConstants.swift in Sources */,
				4D225C1B1D5A0FF600360AB8 /* MashapeAPIClient.swift in Sources */,
				2ECF50511D5929700072732B /* (null) in Sources */,
				2ECF50511D5929700072732B /* (null) in Sources */,
				8A3948F91D621C23004A4B94 /* ATPathViewController.swift in Sources */,
				2E1DA87D1D5E057500F83DFD /* WalkTracker.swift in Sources */,
				9424A7701D53D5DA00CE8D42 /* AppDelegate.swift in Sources */,
				4D225C1F1D5A100800360AB8 /* MashapeData.swift in Sources */,
				4DB2D9651D58DF18007BD4A5 /* FoursquareData.swift in Sources */,
				8A6624311D5A8DCB009760DA /* HealthKitDataStore.swift in Sources */,
				2E1DA8831D5E3B5B00F83DFD /* WalkTrackerViewController.swift in Sources */,
				4DB2D9611D58DEBA007BD4A5 /* FoursquareAPIClient.swift in Sources */,
				8A53F2EC1D594A4A00F244BE /* Keys.swift in Sources */,
				8A3948FB1D623743004A4B94 /* ATPathCell.swift in Sources */,
				4DB2D9631D58DF04007BD4A5 /* ApisDataStore.swift in Sources */,
			);
			runOnlyForDeploymentPostprocessing = 0;
		};
		9424A77E1D53D5DA00CE8D42 /* Sources */ = {
			isa = PBXSourcesBuildPhase;
			buildActionMask = 2147483647;
			files = (
				9424A7871D53D5DA00CE8D42 /* AnytrailTests.swift in Sources */,
			);
			runOnlyForDeploymentPostprocessing = 0;
		};
/* End PBXSourcesBuildPhase section */

/* Begin PBXTargetDependency section */
		9424A7841D53D5DA00CE8D42 /* PBXTargetDependency */ = {
			isa = PBXTargetDependency;
			target = 9424A76B1D53D5DA00CE8D42 /* Anytrail */;
			targetProxy = 9424A7831D53D5DA00CE8D42 /* PBXContainerItemProxy */;
		};
/* End PBXTargetDependency section */

/* Begin PBXVariantGroup section */
		9424A7751D53D5DA00CE8D42 /* Main.storyboard */ = {
			isa = PBXVariantGroup;
			children = (
				9424A7761D53D5DA00CE8D42 /* Base */,
			);
			name = Main.storyboard;
			sourceTree = "<group>";
		};
		9424A77A1D53D5DA00CE8D42 /* LaunchScreen.storyboard */ = {
			isa = PBXVariantGroup;
			children = (
				9424A77B1D53D5DA00CE8D42 /* Base */,
			);
			name = LaunchScreen.storyboard;
			sourceTree = "<group>";
		};
/* End PBXVariantGroup section */

/* Begin XCBuildConfiguration section */
		9424A7891D53D5DA00CE8D42 /* Debug */ = {
			isa = XCBuildConfiguration;
			buildSettings = {
				ALWAYS_SEARCH_USER_PATHS = NO;
				CLANG_ANALYZER_NONNULL = YES;
				CLANG_CXX_LANGUAGE_STANDARD = "gnu++0x";
				CLANG_CXX_LIBRARY = "libc++";
				CLANG_ENABLE_MODULES = YES;
				CLANG_ENABLE_OBJC_ARC = YES;
				CLANG_WARN_BOOL_CONVERSION = YES;
				CLANG_WARN_CONSTANT_CONVERSION = YES;
				CLANG_WARN_DIRECT_OBJC_ISA_USAGE = YES_ERROR;
				CLANG_WARN_EMPTY_BODY = YES;
				CLANG_WARN_ENUM_CONVERSION = YES;
				CLANG_WARN_INT_CONVERSION = YES;
				CLANG_WARN_OBJC_ROOT_CLASS = YES_ERROR;
				CLANG_WARN_UNREACHABLE_CODE = YES;
				CLANG_WARN__DUPLICATE_METHOD_MATCH = YES;
				"CODE_SIGN_IDENTITY[sdk=iphoneos*]" = "iPhone Developer";
				COPY_PHASE_STRIP = NO;
				DEBUG_INFORMATION_FORMAT = dwarf;
				ENABLE_STRICT_OBJC_MSGSEND = YES;
				ENABLE_TESTABILITY = YES;
				GCC_C_LANGUAGE_STANDARD = gnu99;
				GCC_DYNAMIC_NO_PIC = NO;
				GCC_NO_COMMON_BLOCKS = YES;
				GCC_OPTIMIZATION_LEVEL = 0;
				GCC_PREPROCESSOR_DEFINITIONS = (
					"DEBUG=1",
					"$(inherited)",
				);
				GCC_WARN_64_TO_32_BIT_CONVERSION = YES;
				GCC_WARN_ABOUT_RETURN_TYPE = YES_ERROR;
				GCC_WARN_UNDECLARED_SELECTOR = YES;
				GCC_WARN_UNINITIALIZED_AUTOS = YES_AGGRESSIVE;
				GCC_WARN_UNUSED_FUNCTION = YES;
				GCC_WARN_UNUSED_VARIABLE = YES;
				IPHONEOS_DEPLOYMENT_TARGET = 9.3;
				MTL_ENABLE_DEBUG_INFO = YES;
				ONLY_ACTIVE_ARCH = YES;
				SDKROOT = iphoneos;
				SWIFT_OPTIMIZATION_LEVEL = "-Onone";
			};
			name = Debug;
		};
		9424A78A1D53D5DA00CE8D42 /* Release */ = {
			isa = XCBuildConfiguration;
			buildSettings = {
				ALWAYS_SEARCH_USER_PATHS = NO;
				CLANG_ANALYZER_NONNULL = YES;
				CLANG_CXX_LANGUAGE_STANDARD = "gnu++0x";
				CLANG_CXX_LIBRARY = "libc++";
				CLANG_ENABLE_MODULES = YES;
				CLANG_ENABLE_OBJC_ARC = YES;
				CLANG_WARN_BOOL_CONVERSION = YES;
				CLANG_WARN_CONSTANT_CONVERSION = YES;
				CLANG_WARN_DIRECT_OBJC_ISA_USAGE = YES_ERROR;
				CLANG_WARN_EMPTY_BODY = YES;
				CLANG_WARN_ENUM_CONVERSION = YES;
				CLANG_WARN_INT_CONVERSION = YES;
				CLANG_WARN_OBJC_ROOT_CLASS = YES_ERROR;
				CLANG_WARN_UNREACHABLE_CODE = YES;
				CLANG_WARN__DUPLICATE_METHOD_MATCH = YES;
				"CODE_SIGN_IDENTITY[sdk=iphoneos*]" = "iPhone Developer";
				COPY_PHASE_STRIP = NO;
				DEBUG_INFORMATION_FORMAT = "dwarf-with-dsym";
				ENABLE_NS_ASSERTIONS = NO;
				ENABLE_STRICT_OBJC_MSGSEND = YES;
				GCC_C_LANGUAGE_STANDARD = gnu99;
				GCC_NO_COMMON_BLOCKS = YES;
				GCC_WARN_64_TO_32_BIT_CONVERSION = YES;
				GCC_WARN_ABOUT_RETURN_TYPE = YES_ERROR;
				GCC_WARN_UNDECLARED_SELECTOR = YES;
				GCC_WARN_UNINITIALIZED_AUTOS = YES_AGGRESSIVE;
				GCC_WARN_UNUSED_FUNCTION = YES;
				GCC_WARN_UNUSED_VARIABLE = YES;
				IPHONEOS_DEPLOYMENT_TARGET = 9.3;
				MTL_ENABLE_DEBUG_INFO = NO;
				SDKROOT = iphoneos;
				VALIDATE_PRODUCT = YES;
			};
			name = Release;
		};
		9424A78C1D53D5DA00CE8D42 /* Debug */ = {
			isa = XCBuildConfiguration;
			baseConfigurationReference = F4AC6E6A90B2DC273C8971C2 /* Pods-Anytrail.debug.xcconfig */;
			buildSettings = {
				ASSETCATALOG_COMPILER_APPICON_NAME = AppIcon;
				CODE_SIGN_ENTITLEMENTS = Anytrail/Anytrail.entitlements;
				CODE_SIGN_IDENTITY = "iPhone Developer";
				"CODE_SIGN_IDENTITY[sdk=iphoneos*]" = "iPhone Developer";
				INFOPLIST_FILE = Anytrail/Info.plist;
				LD_RUNPATH_SEARCH_PATHS = "$(inherited) @executable_path/Frameworks";
				PRODUCT_BUNDLE_IDENTIFIER = com.flatironschool.Anytrail;
				PRODUCT_NAME = "$(TARGET_NAME)";
				PROVISIONING_PROFILE = "";
			};
			name = Debug;
		};
		9424A78D1D53D5DA00CE8D42 /* Release */ = {
			isa = XCBuildConfiguration;
			baseConfigurationReference = 3417C12B1559CD326FE9F852 /* Pods-Anytrail.release.xcconfig */;
			buildSettings = {
				ASSETCATALOG_COMPILER_APPICON_NAME = AppIcon;
				CODE_SIGN_ENTITLEMENTS = Anytrail/Anytrail.entitlements;
				CODE_SIGN_IDENTITY = "iPhone Developer";
				"CODE_SIGN_IDENTITY[sdk=iphoneos*]" = "iPhone Developer";
				INFOPLIST_FILE = Anytrail/Info.plist;
				LD_RUNPATH_SEARCH_PATHS = "$(inherited) @executable_path/Frameworks";
				PRODUCT_BUNDLE_IDENTIFIER = com.flatironschool.Anytrail;
				PRODUCT_NAME = "$(TARGET_NAME)";
				PROVISIONING_PROFILE = "";
			};
			name = Release;
		};
		9424A78F1D53D5DA00CE8D42 /* Debug */ = {
			isa = XCBuildConfiguration;
			baseConfigurationReference = DAD2C8D70B6029D7314DD479 /* Pods-AnytrailTests.debug.xcconfig */;
			buildSettings = {
				BUNDLE_LOADER = "$(TEST_HOST)";
				INFOPLIST_FILE = AnytrailTests/Info.plist;
				LD_RUNPATH_SEARCH_PATHS = "$(inherited) @executable_path/Frameworks @loader_path/Frameworks";
				PRODUCT_BUNDLE_IDENTIFIER = com.flatironschool.AnytrailTests;
				PRODUCT_NAME = "$(TARGET_NAME)";
				TEST_HOST = "$(BUILT_PRODUCTS_DIR)/Anytrail.app/Anytrail";
			};
			name = Debug;
		};
		9424A7901D53D5DA00CE8D42 /* Release */ = {
			isa = XCBuildConfiguration;
			baseConfigurationReference = 5661F119B27C682B7C9BCB04 /* Pods-AnytrailTests.release.xcconfig */;
			buildSettings = {
				BUNDLE_LOADER = "$(TEST_HOST)";
				INFOPLIST_FILE = AnytrailTests/Info.plist;
				LD_RUNPATH_SEARCH_PATHS = "$(inherited) @executable_path/Frameworks @loader_path/Frameworks";
				PRODUCT_BUNDLE_IDENTIFIER = com.flatironschool.AnytrailTests;
				PRODUCT_NAME = "$(TARGET_NAME)";
				TEST_HOST = "$(BUILT_PRODUCTS_DIR)/Anytrail.app/Anytrail";
			};
			name = Release;
		};
/* End XCBuildConfiguration section */

/* Begin XCConfigurationList section */
		9424A7671D53D5DA00CE8D42 /* Build configuration list for PBXProject "Anytrail" */ = {
			isa = XCConfigurationList;
			buildConfigurations = (
				9424A7891D53D5DA00CE8D42 /* Debug */,
				9424A78A1D53D5DA00CE8D42 /* Release */,
			);
			defaultConfigurationIsVisible = 0;
			defaultConfigurationName = Release;
		};
		9424A78B1D53D5DA00CE8D42 /* Build configuration list for PBXNativeTarget "Anytrail" */ = {
			isa = XCConfigurationList;
			buildConfigurations = (
				9424A78C1D53D5DA00CE8D42 /* Debug */,
				9424A78D1D53D5DA00CE8D42 /* Release */,
			);
			defaultConfigurationIsVisible = 0;
			defaultConfigurationName = Release;
		};
		9424A78E1D53D5DA00CE8D42 /* Build configuration list for PBXNativeTarget "AnytrailTests" */ = {
			isa = XCConfigurationList;
			buildConfigurations = (
				9424A78F1D53D5DA00CE8D42 /* Debug */,
				9424A7901D53D5DA00CE8D42 /* Release */,
			);
			defaultConfigurationIsVisible = 0;
			defaultConfigurationName = Release;
		};
/* End XCConfigurationList section */
	};
	rootObject = 9424A7641D53D5DA00CE8D42 /* Project object */;
}
